// !$*UTF8*$!
{
	archiveVersion = 1;
	classes = {
	};
	objectVersion = 77;
	objects = {

/* Begin PBXBuildFile section */
		11CFBA3192F5CFD303C404AB /* ScandaliciousUITestsLaunchTests.swift in Sources */ = {isa = PBXBuildFile; fileRef = BC4A3BC7B3DFD07799C3FCD2 /* ScandaliciousUITestsLaunchTests.swift */; };
		294129322F1FC66500EAB7CE /* GoogleService-Info.plist in Resources */ = {isa = PBXBuildFile; fileRef = 294129312F1FC66500EAB7CE /* GoogleService-Info.plist */; };
		295F4B8D2F1FC95E003FD5BA /* FirebaseAuth in Frameworks */ = {isa = PBXBuildFile; productRef = 295F4B8C2F1FC95E003FD5BA /* FirebaseAuth */; };
		295F4B8F2F1FC95E003FD5BA /* FirebaseCore in Frameworks */ = {isa = PBXBuildFile; productRef = 295F4B8E2F1FC95E003FD5BA /* FirebaseCore */; };
		295F4B922F1FC9DA003FD5BA /* GoogleSignIn in Frameworks */ = {isa = PBXBuildFile; productRef = 295F4B912F1FC9DA003FD5BA /* GoogleSignIn */; };
		295F4B942F1FC9DA003FD5BA /* GoogleSignInSwift in Frameworks */ = {isa = PBXBuildFile; productRef = 295F4B932F1FC9DA003FD5BA /* GoogleSignInSwift */; };
		2999B8AF2F1D9AC1002ACAF3 /* Info-additions.plist in Resources */ = {isa = PBXBuildFile; fileRef = 2999B8AE2F1D9AC1002ACAF3 /* Info-additions.plist */; };
		2999B8C82F1DA4F9002ACAF3 /* Scandalicious Share Extension.appex in Embed Foundation Extensions */ = {isa = PBXBuildFile; fileRef = 2999B8BE2F1DA4F9002ACAF3 /* Scandalicious Share Extension.appex */; settings = {ATTRIBUTES = (RemoveHeadersOnCopy, ); }; };
		29AAAB032F26030000000003 /* PhosphorSwift in Frameworks */ = {isa = PBXBuildFile; productRef = 29AAAB022F26030000000002 /* PhosphorSwift */; };
		29CD76132F2028B1003DD40E /* FirebaseAuth in Frameworks */ = {isa = PBXBuildFile; productRef = 29CD76122F2028B1003DD40E /* FirebaseAuth */; };
		29CD76152F2028B1003DD40E /* FirebaseCore in Frameworks */ = {isa = PBXBuildFile; productRef = 29CD76142F2028B1003DD40E /* FirebaseCore */; };
		3580E9029461F5F72450FE7C /* ScandaliciousUITests.swift in Sources */ = {isa = PBXBuildFile; fileRef = 1F0163F9C385F7C611E0FF9C /* ScandaliciousUITests.swift */; };
		9024A6327ED52732AFD4DE1E /* Foundation.framework in Frameworks */ = {isa = PBXBuildFile; fileRef = 97BB9B7A43681459F8DD3463 /* Foundation.framework */; };
		F349F6F825F5685A30B91F4D /* FullFlowUITests.swift in Sources */ = {isa = PBXBuildFile; fileRef = 4F8C6127F7B75C7A9D007673 /* FullFlowUITests.swift */; };
/* End PBXBuildFile section */

/* Begin PBXContainerItemProxy section */
		2999B8C62F1DA4F9002ACAF3 /* PBXContainerItemProxy */ = {
			isa = PBXContainerItemProxy;
			containerPortal = 294D4FB52F1D695B001B9193 /* Project object */;
			proxyType = 1;
			remoteGlobalIDString = 2999B8BD2F1DA4F9002ACAF3;
			remoteInfo = "Dobby Share Extension";
		};
		4E9EF55E1574C5D91BDF689E /* PBXContainerItemProxy */ = {
			isa = PBXContainerItemProxy;
			containerPortal = 294D4FB52F1D695B001B9193 /* Project object */;
			proxyType = 1;
			remoteGlobalIDString = 294D4FBC2F1D695B001B9193;
			remoteInfo = Scandalicious;
		};
/* End PBXContainerItemProxy section */

/* Begin PBXCopyFilesBuildPhase section */
		2999B8CD2F1DA4F9002ACAF3 /* Embed Foundation Extensions */ = {
			isa = PBXCopyFilesBuildPhase;
			buildActionMask = 2147483647;
			dstPath = "";
			dstSubfolderSpec = 13;
			files = (
				2999B8C82F1DA4F9002ACAF3 /* Scandalicious Share Extension.appex in Embed Foundation Extensions */,
			);
			name = "Embed Foundation Extensions";
			runOnlyForDeploymentPostprocessing = 0;
		};
/* End PBXCopyFilesBuildPhase section */

/* Begin PBXFileReference section */
		1F0163F9C385F7C611E0FF9C /* ScandaliciousUITests.swift */ = {isa = PBXFileReference; includeInIndex = 1; lastKnownFileType = sourcecode.swift; path = ScandaliciousUITests.swift; sourceTree = "<group>"; };
		294129312F1FC66500EAB7CE /* GoogleService-Info.plist */ = {isa = PBXFileReference; lastKnownFileType = text.plist.xml; path = "GoogleService-Info.plist"; sourceTree = "<group>"; };
		294D4FBD2F1D695B001B9193 /* Scandalicious.app */ = {isa = PBXFileReference; explicitFileType = wrapper.application; includeInIndex = 0; path = Scandalicious.app; sourceTree = BUILT_PRODUCTS_DIR; };
		2999B8AE2F1D9AC1002ACAF3 /* Info-additions.plist */ = {isa = PBXFileReference; lastKnownFileType = text.plist.xml; path = "Info-additions.plist"; sourceTree = "<group>"; };
		2999B8BE2F1DA4F9002ACAF3 /* Scandalicious Share Extension.appex */ = {isa = PBXFileReference; explicitFileType = "wrapper.app-extension"; includeInIndex = 0; path = "Scandalicious Share Extension.appex"; sourceTree = BUILT_PRODUCTS_DIR; };
		29B5D5842F1FEBA2000C48B2 /* Scandalicious-Info.plist */ = {isa = PBXFileReference; lastKnownFileType = text.plist; path = "Scandalicious-Info.plist"; sourceTree = "<group>"; };
		2B7864759B203A58E66CDB1C /* ScandaliciousUITests.xctest */ = {isa = PBXFileReference; explicitFileType = wrapper.cfbundle; includeInIndex = 0; path = ScandaliciousUITests.xctest; sourceTree = BUILT_PRODUCTS_DIR; };
		4F8C6127F7B75C7A9D007673 /* FullFlowUITests.swift */ = {isa = PBXFileReference; includeInIndex = 1; lastKnownFileType = sourcecode.swift; path = FullFlowUITests.swift; sourceTree = "<group>"; };
		97BB9B7A43681459F8DD3463 /* Foundation.framework */ = {isa = PBXFileReference; lastKnownFileType = wrapper.framework; name = Foundation.framework; path = Platforms/iPhoneOS.platform/Developer/SDKs/iPhoneOS18.0.sdk/System/Library/Frameworks/Foundation.framework; sourceTree = DEVELOPER_DIR; };
		BC4A3BC7B3DFD07799C3FCD2 /* ScandaliciousUITestsLaunchTests.swift */ = {isa = PBXFileReference; includeInIndex = 1; lastKnownFileType = sourcecode.swift; path = ScandaliciousUITestsLaunchTests.swift; sourceTree = "<group>"; };
/* End PBXFileReference section */

/* Begin PBXFileSystemSynchronizedBuildFileExceptionSet section */
		295CEAD42F22C20E00C17368 /* Exceptions for "Scandalicious" folder in "Scandalicious Share Extension" target */ = {
			isa = PBXFileSystemSynchronizedBuildFileExceptionSet;
			membershipExceptions = (
				Config/env.swift,
				Models/ReceiptModels.swift,
				Services/KeychainHelper.swift,
				Services/ReceiptUploadService.swift,
				Views/Receipt/ReceiptErrorView.swift,
			);
			target = 2999B8BD2F1DA4F9002ACAF3 /* Scandalicious Share Extension */;
		};
		29B5D5832F1FE63D000C48B2 /* Exceptions for "ScandaliciousShareExtension" folder in "Scandalicious Share Extension" target */ = {
			isa = PBXFileSystemSynchronizedBuildFileExceptionSet;
			membershipExceptions = (
				Info.plist,
			);
			target = 2999B8BD2F1DA4F9002ACAF3 /* Scandalicious Share Extension */;
		};
/* End PBXFileSystemSynchronizedBuildFileExceptionSet section */

/* Begin PBXFileSystemSynchronizedRootGroup section */
		294D4FBF2F1D695B001B9193 /* Scandalicious */ = {
			isa = PBXFileSystemSynchronizedRootGroup;
			exceptions = (
				295CEAD42F22C20E00C17368 /* Exceptions for "Scandalicious" folder in "Scandalicious Share Extension" target */,
			);
			path = Scandalicious;
			sourceTree = "<group>";
		};
		2999B8BF2F1DA4F9002ACAF3 /* ScandaliciousShareExtension */ = {
			isa = PBXFileSystemSynchronizedRootGroup;
			exceptions = (
				29B5D5832F1FE63D000C48B2 /* Exceptions for "ScandaliciousShareExtension" folder in "Scandalicious Share Extension" target */,
			);
			path = ScandaliciousShareExtension;
			sourceTree = "<group>";
		};
/* End PBXFileSystemSynchronizedRootGroup section */

/* Begin PBXFrameworksBuildPhase section */
		294D4FBA2F1D695B001B9193 /* Frameworks */ = {
			isa = PBXFrameworksBuildPhase;
			buildActionMask = 2147483647;
			files = (
				295F4B8F2F1FC95E003FD5BA /* FirebaseCore in Frameworks */,
				295F4B8D2F1FC95E003FD5BA /* FirebaseAuth in Frameworks */,
				295F4B922F1FC9DA003FD5BA /* GoogleSignIn in Frameworks */,
				295F4B942F1FC9DA003FD5BA /* GoogleSignInSwift in Frameworks */,
				29AAAB032F26030000000003 /* PhosphorSwift in Frameworks */,
			);
			runOnlyForDeploymentPostprocessing = 0;
		};
		2999B8BB2F1DA4F9002ACAF3 /* Frameworks */ = {
			isa = PBXFrameworksBuildPhase;
			buildActionMask = 2147483647;
			files = (
				29CD76152F2028B1003DD40E /* FirebaseCore in Frameworks */,
				29CD76132F2028B1003DD40E /* FirebaseAuth in Frameworks */,
			);
			runOnlyForDeploymentPostprocessing = 0;
		};
		29DB7038246E6B2EE2F6414A /* Frameworks */ = {
			isa = PBXFrameworksBuildPhase;
			buildActionMask = 2147483647;
			files = (
				9024A6327ED52732AFD4DE1E /* Foundation.framework in Frameworks */,
			);
			runOnlyForDeploymentPostprocessing = 0;
		};
/* End PBXFrameworksBuildPhase section */

/* Begin PBXGroup section */
		294D4FB42F1D695B001B9193 = {
			isa = PBXGroup;
			children = (
				29B5D5842F1FEBA2000C48B2 /* Scandalicious-Info.plist */,
				294D4FBF2F1D695B001B9193 /* Scandalicious */,
				2999B8BF2F1DA4F9002ACAF3 /* ScandaliciousShareExtension */,
				294D4FBE2F1D695B001B9193 /* Products */,
				2999B8AE2F1D9AC1002ACAF3 /* Info-additions.plist */,
				294129312F1FC66500EAB7CE /* GoogleService-Info.plist */,
				885AD0B855ED1D8557490D41 /* Frameworks */,
				5B7A64A85AB4FC5E31EB0E56 /* ScandaliciousUITests */,
			);
			sourceTree = "<group>";
		};
		294D4FBE2F1D695B001B9193 /* Products */ = {
			isa = PBXGroup;
			children = (
				294D4FBD2F1D695B001B9193 /* Scandalicious.app */,
				2999B8BE2F1DA4F9002ACAF3 /* Scandalicious Share Extension.appex */,
				2B7864759B203A58E66CDB1C /* ScandaliciousUITests.xctest */,
			);
			name = Products;
			sourceTree = "<group>";
		};
		5B7A64A85AB4FC5E31EB0E56 /* ScandaliciousUITests */ = {
			isa = PBXGroup;
			children = (
				1F0163F9C385F7C611E0FF9C /* ScandaliciousUITests.swift */,
				BC4A3BC7B3DFD07799C3FCD2 /* ScandaliciousUITestsLaunchTests.swift */,
				4F8C6127F7B75C7A9D007673 /* FullFlowUITests.swift */,
			);
			path = ScandaliciousUITests;
			sourceTree = "<group>";
		};
		885AD0B855ED1D8557490D41 /* Frameworks */ = {
			isa = PBXGroup;
			children = (
				B02E86EF43BF7FD5C170E7FA /* iOS */,
			);
			name = Frameworks;
			sourceTree = "<group>";
		};
		B02E86EF43BF7FD5C170E7FA /* iOS */ = {
			isa = PBXGroup;
			children = (
				97BB9B7A43681459F8DD3463 /* Foundation.framework */,
			);
			name = iOS;
			sourceTree = "<group>";
		};
/* End PBXGroup section */

/* Begin PBXNativeTarget section */
		294D4FBC2F1D695B001B9193 /* Scandalicious */ = {
			isa = PBXNativeTarget;
			buildConfigurationList = 294D4FC82F1D695B001B9193 /* Build configuration list for PBXNativeTarget "Scandalicious" */;
			buildPhases = (
				294D4FB92F1D695B001B9193 /* Sources */,
				294D4FBA2F1D695B001B9193 /* Frameworks */,
				294D4FBB2F1D695B001B9193 /* Resources */,
				2999B8CD2F1DA4F9002ACAF3 /* Embed Foundation Extensions */,
			);
			buildRules = (
			);
			dependencies = (
				2999B8C72F1DA4F9002ACAF3 /* PBXTargetDependency */,
			);
			fileSystemSynchronizedGroups = (
				294D4FBF2F1D695B001B9193 /* Scandalicious */,
			);
			name = Scandalicious;
			packageProductDependencies = (
				295F4B8C2F1FC95E003FD5BA /* FirebaseAuth */,
				295F4B8E2F1FC95E003FD5BA /* FirebaseCore */,
				295F4B912F1FC9DA003FD5BA /* GoogleSignIn */,
				295F4B932F1FC9DA003FD5BA /* GoogleSignInSwift */,
				29AAAB022F26030000000002 /* PhosphorSwift */,
			);
			productName = Dobby;
			productReference = 294D4FBD2F1D695B001B9193 /* Scandalicious.app */;
			productType = "com.apple.product-type.application";
		};
		2999B8BD2F1DA4F9002ACAF3 /* Scandalicious Share Extension */ = {
			isa = PBXNativeTarget;
			buildConfigurationList = 2999B8CA2F1DA4F9002ACAF3 /* Build configuration list for PBXNativeTarget "Scandalicious Share Extension" */;
			buildPhases = (
				2999B8BA2F1DA4F9002ACAF3 /* Sources */,
				2999B8BB2F1DA4F9002ACAF3 /* Frameworks */,
				2999B8BC2F1DA4F9002ACAF3 /* Resources */,
			);
			buildRules = (
			);
			dependencies = (
			);
			fileSystemSynchronizedGroups = (
				2999B8BF2F1DA4F9002ACAF3 /* ScandaliciousShareExtension */,
			);
			name = "Scandalicious Share Extension";
			packageProductDependencies = (
				29CD76122F2028B1003DD40E /* FirebaseAuth */,
				29CD76142F2028B1003DD40E /* FirebaseCore */,
			);
			productName = "Dobby Share Extension";
			productReference = 2999B8BE2F1DA4F9002ACAF3 /* Scandalicious Share Extension.appex */;
			productType = "com.apple.product-type.app-extension";
		};
		544236DA7CEFDCCDD4F6D154 /* ScandaliciousUITests */ = {
			isa = PBXNativeTarget;
			buildConfigurationList = E44D3C2787BC487CDEDD8818 /* Build configuration list for PBXNativeTarget "ScandaliciousUITests" */;
			buildPhases = (
				6B8E5E023AB2F03D2A247364 /* Sources */,
				29DB7038246E6B2EE2F6414A /* Frameworks */,
				0DE542AA2CB2D44375139B83 /* Resources */,
			);
			buildRules = (
			);
			dependencies = (
				CF95D84A843EB604BB689E90 /* PBXTargetDependency */,
			);
			name = ScandaliciousUITests;
			productName = ScandaliciousUITests;
			productReference = 2B7864759B203A58E66CDB1C /* ScandaliciousUITests.xctest */;
			productType = "com.apple.product-type.bundle.ui-testing";
		};
/* End PBXNativeTarget section */

/* Begin PBXProject section */
		294D4FB52F1D695B001B9193 /* Project object */ = {
			isa = PBXProject;
			attributes = {
				BuildIndependentTargetsInParallel = 1;
				LastSwiftUpdateCheck = 2620;
				LastUpgradeCheck = 2620;
				TargetAttributes = {
					294D4FBC2F1D695B001B9193 = {
						CreatedOnToolsVersion = 26.2;
					};
					2999B8BD2F1DA4F9002ACAF3 = {
						CreatedOnToolsVersion = 26.2;
					};
				};
			};
			buildConfigurationList = 294D4FB82F1D695B001B9193 /* Build configuration list for PBXProject "Scandalicious" */;
			developmentRegion = en;
			hasScannedForEncodings = 0;
			knownRegions = (
				en,
				Base,
			);
			mainGroup = 294D4FB42F1D695B001B9193;
			minimizedProjectReferenceProxies = 1;
			packageReferences = (
				295F4B8B2F1FC95E003FD5BA /* XCRemoteSwiftPackageReference "firebase-ios-sdk" */,
				295F4B902F1FC9DA003FD5BA /* XCRemoteSwiftPackageReference "GoogleSignIn-iOS" */,
				29AAAB012F26030000000001 /* XCRemoteSwiftPackageReference "swift" */,
			);
			preferredProjectObjectVersion = 77;
			productRefGroup = 294D4FBE2F1D695B001B9193 /* Products */;
			projectDirPath = "";
			projectRoot = "";
			targets = (
				294D4FBC2F1D695B001B9193 /* Scandalicious */,
				2999B8BD2F1DA4F9002ACAF3 /* Scandalicious Share Extension */,
				544236DA7CEFDCCDD4F6D154 /* ScandaliciousUITests */,
			);
		};
/* End PBXProject section */

/* Begin PBXResourcesBuildPhase section */
		0DE542AA2CB2D44375139B83 /* Resources */ = {
			isa = PBXResourcesBuildPhase;
			buildActionMask = 2147483647;
			files = (
			);
			runOnlyForDeploymentPostprocessing = 0;
		};
		294D4FBB2F1D695B001B9193 /* Resources */ = {
			isa = PBXResourcesBuildPhase;
			buildActionMask = 2147483647;
			files = (
				294129322F1FC66500EAB7CE /* GoogleService-Info.plist in Resources */,
				2999B8AF2F1D9AC1002ACAF3 /* Info-additions.plist in Resources */,
			);
			runOnlyForDeploymentPostprocessing = 0;
		};
		2999B8BC2F1DA4F9002ACAF3 /* Resources */ = {
			isa = PBXResourcesBuildPhase;
			buildActionMask = 2147483647;
			files = (
			);
			runOnlyForDeploymentPostprocessing = 0;
		};
/* End PBXResourcesBuildPhase section */

/* Begin PBXSourcesBuildPhase section */
		294D4FB92F1D695B001B9193 /* Sources */ = {
			isa = PBXSourcesBuildPhase;
			buildActionMask = 2147483647;
			files = (
			);
			runOnlyForDeploymentPostprocessing = 0;
		};
		2999B8BA2F1DA4F9002ACAF3 /* Sources */ = {
			isa = PBXSourcesBuildPhase;
			buildActionMask = 2147483647;
			files = (
			);
			runOnlyForDeploymentPostprocessing = 0;
		};
		6B8E5E023AB2F03D2A247364 /* Sources */ = {
			isa = PBXSourcesBuildPhase;
			buildActionMask = 2147483647;
			files = (
				3580E9029461F5F72450FE7C /* ScandaliciousUITests.swift in Sources */,
				11CFBA3192F5CFD303C404AB /* ScandaliciousUITestsLaunchTests.swift in Sources */,
				F349F6F825F5685A30B91F4D /* FullFlowUITests.swift in Sources */,
			);
			runOnlyForDeploymentPostprocessing = 0;
		};
/* End PBXSourcesBuildPhase section */

/* Begin PBXTargetDependency section */
		2999B8C72F1DA4F9002ACAF3 /* PBXTargetDependency */ = {
			isa = PBXTargetDependency;
			target = 2999B8BD2F1DA4F9002ACAF3 /* Scandalicious Share Extension */;
			targetProxy = 2999B8C62F1DA4F9002ACAF3 /* PBXContainerItemProxy */;
		};
		CF95D84A843EB604BB689E90 /* PBXTargetDependency */ = {
			isa = PBXTargetDependency;
			name = Scandalicious;
			target = 294D4FBC2F1D695B001B9193 /* Scandalicious */;
			targetProxy = 4E9EF55E1574C5D91BDF689E /* PBXContainerItemProxy */;
		};
/* End PBXTargetDependency section */

/* Begin XCBuildConfiguration section */
		294D4FC62F1D695B001B9193 /* Debug */ = {
			isa = XCBuildConfiguration;
			buildSettings = {
				ALWAYS_SEARCH_USER_PATHS = NO;
				ASSETCATALOG_COMPILER_GENERATE_SWIFT_ASSET_SYMBOL_EXTENSIONS = YES;
				CLANG_ANALYZER_NONNULL = YES;
				CLANG_ANALYZER_NUMBER_OBJECT_CONVERSION = YES_AGGRESSIVE;
				CLANG_CXX_LANGUAGE_STANDARD = "gnu++20";
				CLANG_ENABLE_MODULES = YES;
				CLANG_ENABLE_OBJC_ARC = YES;
				CLANG_ENABLE_OBJC_WEAK = YES;
				CLANG_WARN_BLOCK_CAPTURE_AUTORELEASING = YES;
				CLANG_WARN_BOOL_CONVERSION = YES;
				CLANG_WARN_COMMA = YES;
				CLANG_WARN_CONSTANT_CONVERSION = YES;
				CLANG_WARN_DEPRECATED_OBJC_IMPLEMENTATIONS = YES;
				CLANG_WARN_DIRECT_OBJC_ISA_USAGE = YES_ERROR;
				CLANG_WARN_DOCUMENTATION_COMMENTS = YES;
				CLANG_WARN_EMPTY_BODY = YES;
				CLANG_WARN_ENUM_CONVERSION = YES;
				CLANG_WARN_INFINITE_RECURSION = YES;
				CLANG_WARN_INT_CONVERSION = YES;
				CLANG_WARN_NON_LITERAL_NULL_CONVERSION = YES;
				CLANG_WARN_OBJC_IMPLICIT_RETAIN_SELF = YES;
				CLANG_WARN_OBJC_LITERAL_CONVERSION = YES;
				CLANG_WARN_OBJC_ROOT_CLASS = YES_ERROR;
				CLANG_WARN_QUOTED_INCLUDE_IN_FRAMEWORK_HEADER = YES;
				CLANG_WARN_RANGE_LOOP_ANALYSIS = YES;
				CLANG_WARN_STRICT_PROTOTYPES = YES;
				CLANG_WARN_SUSPICIOUS_MOVE = YES;
				CLANG_WARN_UNGUARDED_AVAILABILITY = YES_AGGRESSIVE;
				CLANG_WARN_UNREACHABLE_CODE = YES;
				CLANG_WARN__DUPLICATE_METHOD_MATCH = YES;
				COPY_PHASE_STRIP = NO;
				DEBUG_INFORMATION_FORMAT = dwarf;
				ENABLE_STRICT_OBJC_MSGSEND = YES;
				ENABLE_TESTABILITY = YES;
				ENABLE_USER_SCRIPT_SANDBOXING = YES;
				GCC_C_LANGUAGE_STANDARD = gnu17;
				GCC_DYNAMIC_NO_PIC = NO;
				GCC_NO_COMMON_BLOCKS = YES;
				GCC_OPTIMIZATION_LEVEL = 0;
				GCC_PREPROCESSOR_DEFINITIONS = (
					"DEBUG=1",
					"$(inherited)",
				);
				GCC_WARN_64_TO_32_BIT_CONVERSION = YES;
				GCC_WARN_ABOUT_RETURN_TYPE = YES_ERROR;
				GCC_WARN_UNDECLARED_SELECTOR = YES;
				GCC_WARN_UNINITIALIZED_AUTOS = YES_AGGRESSIVE;
				GCC_WARN_UNUSED_FUNCTION = YES;
				GCC_WARN_UNUSED_VARIABLE = YES;
				IPHONEOS_DEPLOYMENT_TARGET = 26.2;
				LOCALIZATION_PREFERS_STRING_CATALOGS = YES;
				MTL_ENABLE_DEBUG_INFO = INCLUDE_SOURCE;
				MTL_FAST_MATH = YES;
				ONLY_ACTIVE_ARCH = YES;
				SDKROOT = iphoneos;
				SWIFT_ACTIVE_COMPILATION_CONDITIONS = "DEBUG $(inherited)";
				SWIFT_OPTIMIZATION_LEVEL = "-Onone";
			};
			name = Debug;
		};
		294D4FC72F1D695B001B9193 /* Release */ = {
			isa = XCBuildConfiguration;
			buildSettings = {
				ALWAYS_SEARCH_USER_PATHS = NO;
				ASSETCATALOG_COMPILER_GENERATE_SWIFT_ASSET_SYMBOL_EXTENSIONS = YES;
				CLANG_ANALYZER_NONNULL = YES;
				CLANG_ANALYZER_NUMBER_OBJECT_CONVERSION = YES_AGGRESSIVE;
				CLANG_CXX_LANGUAGE_STANDARD = "gnu++20";
				CLANG_ENABLE_MODULES = YES;
				CLANG_ENABLE_OBJC_ARC = YES;
				CLANG_ENABLE_OBJC_WEAK = YES;
				CLANG_WARN_BLOCK_CAPTURE_AUTORELEASING = YES;
				CLANG_WARN_BOOL_CONVERSION = YES;
				CLANG_WARN_COMMA = YES;
				CLANG_WARN_CONSTANT_CONVERSION = YES;
				CLANG_WARN_DEPRECATED_OBJC_IMPLEMENTATIONS = YES;
				CLANG_WARN_DIRECT_OBJC_ISA_USAGE = YES_ERROR;
				CLANG_WARN_DOCUMENTATION_COMMENTS = YES;
				CLANG_WARN_EMPTY_BODY = YES;
				CLANG_WARN_ENUM_CONVERSION = YES;
				CLANG_WARN_INFINITE_RECURSION = YES;
				CLANG_WARN_INT_CONVERSION = YES;
				CLANG_WARN_NON_LITERAL_NULL_CONVERSION = YES;
				CLANG_WARN_OBJC_IMPLICIT_RETAIN_SELF = YES;
				CLANG_WARN_OBJC_LITERAL_CONVERSION = YES;
				CLANG_WARN_OBJC_ROOT_CLASS = YES_ERROR;
				CLANG_WARN_QUOTED_INCLUDE_IN_FRAMEWORK_HEADER = YES;
				CLANG_WARN_RANGE_LOOP_ANALYSIS = YES;
				CLANG_WARN_STRICT_PROTOTYPES = YES;
				CLANG_WARN_SUSPICIOUS_MOVE = YES;
				CLANG_WARN_UNGUARDED_AVAILABILITY = YES_AGGRESSIVE;
				CLANG_WARN_UNREACHABLE_CODE = YES;
				CLANG_WARN__DUPLICATE_METHOD_MATCH = YES;
				COPY_PHASE_STRIP = NO;
				DEBUG_INFORMATION_FORMAT = "dwarf-with-dsym";
				ENABLE_NS_ASSERTIONS = NO;
				ENABLE_STRICT_OBJC_MSGSEND = YES;
				ENABLE_USER_SCRIPT_SANDBOXING = YES;
				GCC_C_LANGUAGE_STANDARD = gnu17;
				GCC_NO_COMMON_BLOCKS = YES;
				GCC_WARN_64_TO_32_BIT_CONVERSION = YES;
				GCC_WARN_ABOUT_RETURN_TYPE = YES_ERROR;
				GCC_WARN_UNDECLARED_SELECTOR = YES;
				GCC_WARN_UNINITIALIZED_AUTOS = YES_AGGRESSIVE;
				GCC_WARN_UNUSED_FUNCTION = YES;
				GCC_WARN_UNUSED_VARIABLE = YES;
				IPHONEOS_DEPLOYMENT_TARGET = 26.2;
				LOCALIZATION_PREFERS_STRING_CATALOGS = YES;
				MTL_ENABLE_DEBUG_INFO = NO;
				MTL_FAST_MATH = YES;
				SDKROOT = iphoneos;
				SWIFT_ACTIVE_COMPILATION_CONDITIONS = PRODUCTION;
				SWIFT_COMPILATION_MODE = wholemodule;
				VALIDATE_PRODUCT = YES;
			};
			name = Release;
		};
		294D4FC92F1D695B001B9193 /* Debug */ = {
			isa = XCBuildConfiguration;
			buildSettings = {
				ASSETCATALOG_COMPILER_APPICON_NAME = AppIcon;
				ASSETCATALOG_COMPILER_GLOBAL_ACCENT_COLOR_NAME = AccentColor;
				ASSETCATALOG_COMPILER_INCLUDE_ALL_APPICON_ASSETS = YES;
				CODE_SIGN_ENTITLEMENTS = Scandalicious/Scandalicious.entitlements;
				CODE_SIGN_STYLE = Automatic;
				CURRENT_PROJECT_VERSION = 1;
				DEVELOPMENT_TEAM = 9A8M33Z82L;
				ENABLE_PREVIEWS = YES;
				GENERATE_INFOPLIST_FILE = YES;
				INFOPLIST_FILE = "Scandalicious-Info.plist";
				INFOPLIST_KEY_CFBundleDisplayName = Milo;
				INFOPLIST_KEY_LSApplicationCategoryType = "public.app-category.finance";
				INFOPLIST_KEY_NSCameraUsageDescription = "Milo needs camera access to scan receipts and automatically categorize your expenses";
				INFOPLIST_KEY_UIApplicationSceneManifest_Generation = YES;
				INFOPLIST_KEY_UIApplicationSupportsIndirectInputEvents = YES;
				INFOPLIST_KEY_UILaunchScreen_Generation = YES;
				INFOPLIST_KEY_UISupportedInterfaceOrientations_iPad = "UIInterfaceOrientationPortrait UIInterfaceOrientationPortraitUpsideDown UIInterfaceOrientationLandscapeLeft UIInterfaceOrientationLandscapeRight";
				INFOPLIST_KEY_UISupportedInterfaceOrientations_iPhone = "UIInterfaceOrientationPortrait UIInterfaceOrientationLandscapeLeft UIInterfaceOrientationLandscapeRight";
				IPHONEOS_DEPLOYMENT_TARGET = 18.6;
				LD_RUNPATH_SEARCH_PATHS = (
					"$(inherited)",
					"@executable_path/Frameworks",
				);
				MARKETING_VERSION = 4.20;
				PRODUCT_BUNDLE_IDENTIFIER = com.deepmaind.scandalicious;
				PRODUCT_NAME = "$(TARGET_NAME)";
				STRING_CATALOG_GENERATE_SYMBOLS = YES;
				SWIFT_APPROACHABLE_CONCURRENCY = YES;
				SWIFT_DEFAULT_ACTOR_ISOLATION = MainActor;
				SWIFT_EMIT_LOC_STRINGS = YES;
				SWIFT_UPCOMING_FEATURE_MEMBER_IMPORT_VISIBILITY = YES;
				SWIFT_VERSION = 5.0;
				TARGETED_DEVICE_FAMILY = "1,2";
			};
			name = Debug;
		};
		294D4FCA2F1D695B001B9193 /* Release */ = {
			isa = XCBuildConfiguration;
			buildSettings = {
				ASSETCATALOG_COMPILER_APPICON_NAME = AppIcon;
				ASSETCATALOG_COMPILER_GLOBAL_ACCENT_COLOR_NAME = AccentColor;
				ASSETCATALOG_COMPILER_INCLUDE_ALL_APPICON_ASSETS = YES;
				CODE_SIGN_ENTITLEMENTS = Scandalicious/Scandalicious.entitlements;
				CODE_SIGN_STYLE = Automatic;
				CURRENT_PROJECT_VERSION = 1;
				DEVELOPMENT_TEAM = 9A8M33Z82L;
				ENABLE_PREVIEWS = YES;
				GENERATE_INFOPLIST_FILE = YES;
				INFOPLIST_FILE = "Scandalicious-Info.plist";
				INFOPLIST_KEY_CFBundleDisplayName = Milo;
				INFOPLIST_KEY_LSApplicationCategoryType = "public.app-category.finance";
				INFOPLIST_KEY_NSCameraUsageDescription = "Milo needs camera access to scan receipts and automatically categorize your expenses";
				INFOPLIST_KEY_UIApplicationSceneManifest_Generation = YES;
				INFOPLIST_KEY_UIApplicationSupportsIndirectInputEvents = YES;
				INFOPLIST_KEY_UILaunchScreen_Generation = YES;
				INFOPLIST_KEY_UISupportedInterfaceOrientations_iPad = "UIInterfaceOrientationPortrait UIInterfaceOrientationPortraitUpsideDown UIInterfaceOrientationLandscapeLeft UIInterfaceOrientationLandscapeRight";
				INFOPLIST_KEY_UISupportedInterfaceOrientations_iPhone = "UIInterfaceOrientationPortrait UIInterfaceOrientationLandscapeLeft UIInterfaceOrientationLandscapeRight";
				IPHONEOS_DEPLOYMENT_TARGET = 18.6;
				LD_RUNPATH_SEARCH_PATHS = (
					"$(inherited)",
					"@executable_path/Frameworks",
				);
				MARKETING_VERSION = 4.20;
				PRODUCT_BUNDLE_IDENTIFIER = com.deepmaind.scandalicious;
				PRODUCT_NAME = "$(TARGET_NAME)";
				STRING_CATALOG_GENERATE_SYMBOLS = YES;
				SWIFT_APPROACHABLE_CONCURRENCY = YES;
				SWIFT_DEFAULT_ACTOR_ISOLATION = MainActor;
				SWIFT_EMIT_LOC_STRINGS = YES;
				SWIFT_UPCOMING_FEATURE_MEMBER_IMPORT_VISIBILITY = YES;
				SWIFT_VERSION = 5.0;
				TARGETED_DEVICE_FAMILY = "1,2";
			};
			name = Release;
		};
		2999B8CB2F1DA4F9002ACAF3 /* Debug */ = {
			isa = XCBuildConfiguration;
			buildSettings = {
				CODE_SIGN_ENTITLEMENTS = ScandaliciousShareExtension/ShareExtension.entitlements;
				CODE_SIGN_STYLE = Automatic;
				CURRENT_PROJECT_VERSION = 1;
				DEVELOPMENT_TEAM = 9A8M33Z82L;
				GENERATE_INFOPLIST_FILE = YES;
				INFOPLIST_FILE = ScandaliciousShareExtension/Info.plist;
				INFOPLIST_KEY_CFBundleDisplayName = "Scandalicious Share Extension";
				INFOPLIST_KEY_NSHumanReadableCopyright = "";
				LD_RUNPATH_SEARCH_PATHS = (
					"$(inherited)",
					"@executable_path/Frameworks",
					"@executable_path/../../Frameworks",
				);
				MARKETING_VERSION = 1.0;
				NEW_SETTING = "";
				"OTHER_SWIFT_FLAGS[arch=*]" = "-D SHARE_EXTENSION";
				PRODUCT_BUNDLE_IDENTIFIER = com.deepmaind.scandalicious.ShareExtension;
				PRODUCT_NAME = "$(TARGET_NAME)";
				SKIP_INSTALL = YES;
				STRING_CATALOG_GENERATE_SYMBOLS = YES;
				SWIFT_APPROACHABLE_CONCURRENCY = YES;
				SWIFT_EMIT_LOC_STRINGS = YES;
				SWIFT_UPCOMING_FEATURE_MEMBER_IMPORT_VISIBILITY = YES;
				SWIFT_VERSION = 5.0;
				TARGETED_DEVICE_FAMILY = "1,2";
			};
			name = Debug;
		};
		2999B8CC2F1DA4F9002ACAF3 /* Release */ = {
			isa = XCBuildConfiguration;
			buildSettings = {
				CODE_SIGN_ENTITLEMENTS = ScandaliciousShareExtension/ShareExtension.entitlements;
				CODE_SIGN_STYLE = Automatic;
				CURRENT_PROJECT_VERSION = 1;
				DEVELOPMENT_TEAM = 9A8M33Z82L;
				GENERATE_INFOPLIST_FILE = YES;
				INFOPLIST_FILE = ScandaliciousShareExtension/Info.plist;
				INFOPLIST_KEY_CFBundleDisplayName = "Scandalicious Share Extension";
				INFOPLIST_KEY_NSHumanReadableCopyright = "";
				LD_RUNPATH_SEARCH_PATHS = (
					"$(inherited)",
					"@executable_path/Frameworks",
					"@executable_path/../../Frameworks",
				);
				MARKETING_VERSION = 1.0;
				NEW_SETTING = "";
				"OTHER_SWIFT_FLAGS[arch=*]" = "-D SHARE_EXTENSION";
				PRODUCT_BUNDLE_IDENTIFIER = com.deepmaind.scandalicious.ShareExtension;
				PRODUCT_NAME = "$(TARGET_NAME)";
				SKIP_INSTALL = YES;
				STRING_CATALOG_GENERATE_SYMBOLS = YES;
				SWIFT_APPROACHABLE_CONCURRENCY = YES;
				SWIFT_EMIT_LOC_STRINGS = YES;
				SWIFT_UPCOMING_FEATURE_MEMBER_IMPORT_VISIBILITY = YES;
				SWIFT_VERSION = 5.0;
				TARGETED_DEVICE_FAMILY = "1,2";
			};
			name = Release;
		};
		73E1E4893AF25B687FA4DF5F /* Release */ = {
			isa = XCBuildConfiguration;
			buildSettings = {
				CLANG_ENABLE_OBJC_WEAK = NO;
				CODE_SIGN_STYLE = Automatic;
				DEVELOPMENT_TEAM = 9A8M33Z82L;
				GENERATE_INFOPLIST_FILE = YES;
				INFOPLIST_FILE = "";
				IPHONEOS_DEPLOYMENT_TARGET = 18.0;
				PRODUCT_BUNDLE_IDENTIFIER = com.deepmaind.scandalicious.uitests;
				PRODUCT_NAME = "$(TARGET_NAME)";
				SDKROOT = iphoneos;
				SWIFT_VERSION = 5.0;
				TEST_TARGET_NAME = Scandalicious;
				VALIDATE_PRODUCT = YES;
			};
			name = Release;
		};
		9FD7E4FCF2DB519191BB3CAB /* Debug */ = {
			isa = XCBuildConfiguration;
			buildSettings = {
				CLANG_ENABLE_OBJC_WEAK = NO;
				CODE_SIGN_STYLE = Automatic;
				DEVELOPMENT_TEAM = 9A8M33Z82L;
				GENERATE_INFOPLIST_FILE = YES;
				INFOPLIST_FILE = "";
				IPHONEOS_DEPLOYMENT_TARGET = 18.0;
				PRODUCT_BUNDLE_IDENTIFIER = com.deepmaind.scandalicious.uitests;
				PRODUCT_NAME = "$(TARGET_NAME)";
				SDKROOT = iphoneos;
				SWIFT_VERSION = 5.0;
				TEST_TARGET_NAME = Scandalicious;
			};
			name = Debug;
		};
/* End XCBuildConfiguration section */

/* Begin XCConfigurationList section */
		294D4FB82F1D695B001B9193 /* Build configuration list for PBXProject "Scandalicious" */ = {
			isa = XCConfigurationList;
			buildConfigurations = (
				294D4FC62F1D695B001B9193 /* Debug */,
				294D4FC72F1D695B001B9193 /* Release */,
			);
			defaultConfigurationIsVisible = 0;
			defaultConfigurationName = Release;
		};
		294D4FC82F1D695B001B9193 /* Build configuration list for PBXNativeTarget "Scandalicious" */ = {
			isa = XCConfigurationList;
			buildConfigurations = (
				294D4FC92F1D695B001B9193 /* Debug */,
				294D4FCA2F1D695B001B9193 /* Release */,
			);
			defaultConfigurationIsVisible = 0;
			defaultConfigurationName = Release;
		};
		2999B8CA2F1DA4F9002ACAF3 /* Build configuration list for PBXNativeTarget "Scandalicious Share Extension" */ = {
			isa = XCConfigurationList;
			buildConfigurations = (
				2999B8CB2F1DA4F9002ACAF3 /* Debug */,
				2999B8CC2F1DA4F9002ACAF3 /* Release */,
			);
			defaultConfigurationIsVisible = 0;
			defaultConfigurationName = Release;
		};
		E44D3C2787BC487CDEDD8818 /* Build configuration list for PBXNativeTarget "ScandaliciousUITests" */ = {
			isa = XCConfigurationList;
			buildConfigurations = (
				73E1E4893AF25B687FA4DF5F /* Release */,
				9FD7E4FCF2DB519191BB3CAB /* Debug */,
			);
			defaultConfigurationIsVisible = 0;
			defaultConfigurationName = Release;
		};
/* End XCConfigurationList section */

/* Begin XCRemoteSwiftPackageReference section */
		295F4B8B2F1FC95E003FD5BA /* XCRemoteSwiftPackageReference "firebase-ios-sdk" */ = {
			isa = XCRemoteSwiftPackageReference;
			repositoryURL = "https://github.com/firebase/firebase-ios-sdk";
			requirement = {
				kind = upToNextMajorVersion;
				minimumVersion = 12.8.0;
			};
		};
		295F4B902F1FC9DA003FD5BA /* XCRemoteSwiftPackageReference "GoogleSignIn-iOS" */ = {
			isa = XCRemoteSwiftPackageReference;
			repositoryURL = "https://github.com/google/GoogleSignIn-iOS";
			requirement = {
				kind = upToNextMajorVersion;
				minimumVersion = 9.1.0;
			};
		};
		29AAAB012F26030000000001 /* XCRemoteSwiftPackageReference "swift" */ = {
			isa = XCRemoteSwiftPackageReference;
			repositoryURL = "https://github.com/phosphor-icons/swift";
			requirement = {
				kind = upToNextMajorVersion;
				minimumVersion = 2.1.0;
			};
		};
/* End XCRemoteSwiftPackageReference section */

/* Begin XCSwiftPackageProductDependency section */
		295F4B8C2F1FC95E003FD5BA /* FirebaseAuth */ = {
			isa = XCSwiftPackageProductDependency;
			package = 295F4B8B2F1FC95E003FD5BA /* XCRemoteSwiftPackageReference "firebase-ios-sdk" */;
			productName = FirebaseAuth;
		};
		295F4B8E2F1FC95E003FD5BA /* FirebaseCore */ = {
			isa = XCSwiftPackageProductDependency;
			package = 295F4B8B2F1FC95E003FD5BA /* XCRemoteSwiftPackageReference "firebase-ios-sdk" */;
			productName = FirebaseCore;
		};
		295F4B912F1FC9DA003FD5BA /* GoogleSignIn */ = {
			isa = XCSwiftPackageProductDependency;
			package = 295F4B902F1FC9DA003FD5BA /* XCRemoteSwiftPackageReference "GoogleSignIn-iOS" */;
			productName = GoogleSignIn;
		};
		295F4B932F1FC9DA003FD5BA /* GoogleSignInSwift */ = {
			isa = XCSwiftPackageProductDependency;
			package = 295F4B902F1FC9DA003FD5BA /* XCRemoteSwiftPackageReference "GoogleSignIn-iOS" */;
			productName = GoogleSignInSwift;
		};
		29AAAB022F26030000000002 /* PhosphorSwift */ = {
			isa = XCSwiftPackageProductDependency;
			package = 29AAAB012F26030000000001 /* XCRemoteSwiftPackageReference "swift" */;
			productName = PhosphorSwift;
		};
		29CD76122F2028B1003DD40E /* FirebaseAuth */ = {
			isa = XCSwiftPackageProductDependency;
			package = 295F4B8B2F1FC95E003FD5BA /* XCRemoteSwiftPackageReference "firebase-ios-sdk" */;
			productName = FirebaseAuth;
		};
		29CD76142F2028B1003DD40E /* FirebaseCore */ = {
			isa = XCSwiftPackageProductDependency;
			package = 295F4B8B2F1FC95E003FD5BA /* XCRemoteSwiftPackageReference "firebase-ios-sdk" */;
			productName = FirebaseCore;
		};
/* End XCSwiftPackageProductDependency section */
	};
	rootObject = 294D4FB52F1D695B001B9193 /* Project object */;
}
