// !$*UTF8*$!
{
	archiveVersion = 1;
	classes = {
	};
	objectVersion = 77;
	objects = {

/* Begin PBXBuildFile section */
		294129322F1FC66500EAB7CE /* GoogleService-Info.plist in Resources */ = {isa = PBXBuildFile; fileRef = 294129312F1FC66500EAB7CE /* GoogleService-Info.plist */; };
		295F4B8D2F1FC95E003FD5BA /* FirebaseAuth in Frameworks */ = {isa = PBXBuildFile; productRef = 295F4B8C2F1FC95E003FD5BA /* FirebaseAuth */; };
		295F4B8F2F1FC95E003FD5BA /* FirebaseCore in Frameworks */ = {isa = PBXBuildFile; productRef = 295F4B8E2F1FC95E003FD5BA /* FirebaseCore */; };
		295F4B922F1FC9DA003FD5BA /* GoogleSignIn in Frameworks */ = {isa = PBXBuildFile; productRef = 295F4B912F1FC9DA003FD5BA /* GoogleSignIn */; };
		295F4B942F1FC9DA003FD5BA /* GoogleSignInSwift in Frameworks */ = {isa = PBXBuildFile; productRef = 295F4B932F1FC9DA003FD5BA /* GoogleSignInSwift */; };
		2999B8AF2F1D9AC1002ACAF3 /* Info-additions.plist in Resources */ = {isa = PBXBuildFile; fileRef = 2999B8AE2F1D9AC1002ACAF3 /* Info-additions.plist */; };
		2999B8C82F1DA4F9002ACAF3 /* Scandalicious Share Extension.appex in Embed Foundation Extensions */ = {isa = PBXBuildFile; fileRef = 2999B8BE2F1DA4F9002ACAF3 /* Scandalicious Share Extension.appex */; settings = {ATTRIBUTES = (RemoveHeadersOnCopy, ); }; };
		29CD76132F2028B1003DD40E /* FirebaseAuth in Frameworks */ = {isa = PBXBuildFile; productRef = 29CD76122F2028B1003DD40E /* FirebaseAuth */; };
		29CD76152F2028B1003DD40E /* FirebaseCore in Frameworks */ = {isa = PBXBuildFile; productRef = 29CD76142F2028B1003DD40E /* FirebaseCore */; };
/* End PBXBuildFile section */

/* Begin PBXContainerItemProxy section */
		2999B8C62F1DA4F9002ACAF3 /* PBXContainerItemProxy */ = {
			isa = PBXContainerItemProxy;
			containerPortal = 294D4FB52F1D695B001B9193 /* Project object */;
			proxyType = 1;
			remoteGlobalIDString = 2999B8BD2F1DA4F9002ACAF3;
			remoteInfo = "Dobby Share Extension";
		};
/* End PBXContainerItemProxy section */

/* Begin PBXCopyFilesBuildPhase section */
		2999B8CD2F1DA4F9002ACAF3 /* Embed Foundation Extensions */ = {
			isa = PBXCopyFilesBuildPhase;
			buildActionMask = 2147483647;
			dstPath = "";
			dstSubfolderSpec = 13;
			files = (
				2999B8C82F1DA4F9002ACAF3 /* Scandalicious Share Extension.appex in Embed Foundation Extensions */,
			);
			name = "Embed Foundation Extensions";
			runOnlyForDeploymentPostprocessing = 0;
		};
/* End PBXCopyFilesBuildPhase section */

/* Begin PBXFileReference section */
		294129312F1FC66500EAB7CE /* GoogleService-Info.plist */ = {isa = PBXFileReference; lastKnownFileType = text.plist.xml; path = "GoogleService-Info.plist"; sourceTree = "<group>"; };
		294D4FBD2F1D695B001B9193 /* Scandalicious.app */ = {isa = PBXFileReference; explicitFileType = wrapper.application; includeInIndex = 0; path = Scandalicious.app; sourceTree = BUILT_PRODUCTS_DIR; };
		2999B8AE2F1D9AC1002ACAF3 /* Info-additions.plist */ = {isa = PBXFileReference; lastKnownFileType = text.plist.xml; path = "Info-additions.plist"; sourceTree = "<group>"; };
		2999B8BE2F1DA4F9002ACAF3 /* Scandalicious Share Extension.appex */ = {isa = PBXFileReference; explicitFileType = "wrapper.app-extension"; includeInIndex = 0; path = "Scandalicious Share Extension.appex"; sourceTree = BUILT_PRODUCTS_DIR; };
		29B5D5842F1FEBA2000C48B2 /* Scandalicious-Info.plist */ = {isa = PBXFileReference; lastKnownFileType = text.plist; path = "Scandalicious-Info.plist"; sourceTree = "<group>"; };
/* End PBXFileReference section */

/* Begin PBXFileSystemSynchronizedBuildFileExceptionSet section */
		29B5D5822F1FE633000C48B2 /* Exceptions for "scandalicous" folder in "Scandalicious" target */ = {
			isa = PBXFileSystemSynchronizedBuildFileExceptionSet;
			membershipExceptions = (
				Resources/Info.plist,
			);
			target = 294D4FBC2F1D695B001B9193 /* Scandalicious */;
		};
		29B5D5832F1FE63D000C48B2 /* Exceptions for "scandalicious-share-extension" folder in "Scandalicious Share Extension" target */ = {
			isa = PBXFileSystemSynchronizedBuildFileExceptionSet;
			membershipExceptions = (
				Info.plist,
			);
			target = 2999B8BD2F1DA4F9002ACAF3 /* Scandalicious Share Extension */;
		};
		29B5D5E12F1FFA89000C48B2 /* Exceptions for "scandalicous" folder in "Scandalicious Share Extension" target */ = {
			isa = PBXFileSystemSynchronizedBuildFileExceptionSet;
			membershipExceptions = (
				Authentication/KeychainHelper.swift,
				Models/ReceiptModels.swift,
				Services/ReceiptUploadService.swift,
			);
			target = 2999B8BD2F1DA4F9002ACAF3 /* Scandalicious Share Extension */;
		};
/* End PBXFileSystemSynchronizedBuildFileExceptionSet section */

/* Begin PBXFileSystemSynchronizedRootGroup section */
		294D4FBF2F1D695B001B9193 /* scandalicous */ = {
			isa = PBXFileSystemSynchronizedRootGroup;
			exceptions = (
				29B5D5822F1FE633000C48B2 /* Exceptions for "scandalicous" folder in "Scandalicious" target */,
				29B5D5E12F1FFA89000C48B2 /* Exceptions for "scandalicous" folder in "Scandalicious Share Extension" target */,
			);
			path = scandalicous;
			sourceTree = "<group>";
		};
		2999B8BF2F1DA4F9002ACAF3 /* scandalicious-share-extension */ = {
			isa = PBXFileSystemSynchronizedRootGroup;
			exceptions = (
				29B5D5832F1FE63D000C48B2 /* Exceptions for "scandalicious-share-extension" folder in "Scandalicious Share Extension" target */,
			);
			path = "scandalicious-share-extension";
			sourceTree = "<group>";
		};
/* End PBXFileSystemSynchronizedRootGroup section */

/* Begin PBXFrameworksBuildPhase section */
		294D4FBA2F1D695B001B9193 /* Frameworks */ = {
			isa = PBXFrameworksBuildPhase;
			buildActionMask = 2147483647;
			files = (
				295F4B8F2F1FC95E003FD5BA /* FirebaseCore in Frameworks */,
				295F4B8D2F1FC95E003FD5BA /* FirebaseAuth in Frameworks */,
				295F4B922F1FC9DA003FD5BA /* GoogleSignIn in Frameworks */,
				295F4B942F1FC9DA003FD5BA /* GoogleSignInSwift in Frameworks */,
			);
			runOnlyForDeploymentPostprocessing = 0;
		};
		2999B8BB2F1DA4F9002ACAF3 /* Frameworks */ = {
			isa = PBXFrameworksBuildPhase;
			buildActionMask = 2147483647;
			files = (
				29CD76152F2028B1003DD40E /* FirebaseCore in Frameworks */,
				29CD76132F2028B1003DD40E /* FirebaseAuth in Frameworks */,
			);
			runOnlyForDeploymentPostprocessing = 0;
		};
/* End PBXFrameworksBuildPhase section */

/* Begin PBXGroup section */
		294D4FB42F1D695B001B9193 = {
			isa = PBXGroup;
			children = (
				29B5D5842F1FEBA2000C48B2 /* Scandalicious-Info.plist */,
				294D4FBF2F1D695B001B9193 /* scandalicous */,
				2999B8BF2F1DA4F9002ACAF3 /* scandalicious-share-extension */,
				294D4FBE2F1D695B001B9193 /* Products */,
				2999B8AE2F1D9AC1002ACAF3 /* Info-additions.plist */,
				294129312F1FC66500EAB7CE /* GoogleService-Info.plist */,
				29CD76112F2028B1003DD40E /* Frameworks */,
			);
			sourceTree = "<group>";
		};
		294D4FBE2F1D695B001B9193 /* Products */ = {
			isa = PBXGroup;
			children = (
				294D4FBD2F1D695B001B9193 /* Scandalicious.app */,
				2999B8BE2F1DA4F9002ACAF3 /* Scandalicious Share Extension.appex */,
			);
			name = Products;
			sourceTree = "<group>";
		};
		29CD76112F2028B1003DD40E /* Frameworks */ = {
			isa = PBXGroup;
			children = (
			);
			name = Frameworks;
			sourceTree = "<group>";
		};
/* End PBXGroup section */

/* Begin PBXNativeTarget section */
		294D4FBC2F1D695B001B9193 /* Scandalicious */ = {
			isa = PBXNativeTarget;
			buildConfigurationList = 294D4FC82F1D695B001B9193 /* Build configuration list for PBXNativeTarget "Scandalicious" */;
			buildPhases = (
				294D4FB92F1D695B001B9193 /* Sources */,
				294D4FBA2F1D695B001B9193 /* Frameworks */,
				294D4FBB2F1D695B001B9193 /* Resources */,
				2999B8CD2F1DA4F9002ACAF3 /* Embed Foundation Extensions */,
			);
			buildRules = (
			);
			dependencies = (
				2999B8C72F1DA4F9002ACAF3 /* PBXTargetDependency */,
			);
			fileSystemSynchronizedGroups = (
				294D4FBF2F1D695B001B9193 /* scandalicous */,
			);
			name = Scandalicious;
			packageProductDependencies = (
				295F4B8C2F1FC95E003FD5BA /* FirebaseAuth */,
				295F4B8E2F1FC95E003FD5BA /* FirebaseCore */,
				295F4B912F1FC9DA003FD5BA /* GoogleSignIn */,
				295F4B932F1FC9DA003FD5BA /* GoogleSignInSwift */,
			);
			productName = Dobby;
			productReference = 294D4FBD2F1D695B001B9193 /* Scandalicious.app */;
			productType = "com.apple.product-type.application";
		};
		2999B8BD2F1DA4F9002ACAF3 /* Scandalicious Share Extension */ = {
			isa = PBXNativeTarget;
			buildConfigurationList = 2999B8CA2F1DA4F9002ACAF3 /* Build configuration list for PBXNativeTarget "Scandalicious Share Extension" */;
			buildPhases = (
				2999B8BA2F1DA4F9002ACAF3 /* Sources */,
				2999B8BB2F1DA4F9002ACAF3 /* Frameworks */,
				2999B8BC2F1DA4F9002ACAF3 /* Resources */,
			);
			buildRules = (
			);
			dependencies = (
			);
			fileSystemSynchronizedGroups = (
				2999B8BF2F1DA4F9002ACAF3 /* scandalicious-share-extension */,
			);
			name = "Scandalicious Share Extension";
			packageProductDependencies = (
				29CD76122F2028B1003DD40E /* FirebaseAuth */,
				29CD76142F2028B1003DD40E /* FirebaseCore */,
			);
			productName = "Dobby Share Extension";
			productReference = 2999B8BE2F1DA4F9002ACAF3 /* Scandalicious Share Extension.appex */;
			productType = "com.apple.product-type.app-extension";
		};
/* End PBXNativeTarget section */

/* Begin PBXProject section */
		294D4FB52F1D695B001B9193 /* Project object */ = {
			isa = PBXProject;
			attributes = {
				BuildIndependentTargetsInParallel = 1;
				LastSwiftUpdateCheck = 2620;
				LastUpgradeCheck = 2620;
				TargetAttributes = {
					294D4FBC2F1D695B001B9193 = {
						CreatedOnToolsVersion = 26.2;
					};
					2999B8BD2F1DA4F9002ACAF3 = {
						CreatedOnToolsVersion = 26.2;
					};
				};
			};
			buildConfigurationList = 294D4FB82F1D695B001B9193 /* Build configuration list for PBXProject "Scandalicious" */;
			developmentRegion = en;
			hasScannedForEncodings = 0;
			knownRegions = (
				en,
				Base,
			);
			mainGroup = 294D4FB42F1D695B001B9193;
			minimizedProjectReferenceProxies = 1;
			packageReferences = (
				295F4B8B2F1FC95E003FD5BA /* XCRemoteSwiftPackageReference "firebase-ios-sdk" */,
				295F4B902F1FC9DA003FD5BA /* XCRemoteSwiftPackageReference "GoogleSignIn-iOS" */,
			);
			preferredProjectObjectVersion = 77;
			productRefGroup = 294D4FBE2F1D695B001B9193 /* Products */;
			projectDirPath = "";
			projectRoot = "";
			targets = (
				294D4FBC2F1D695B001B9193 /* Scandalicious */,
				2999B8BD2F1DA4F9002ACAF3 /* Scandalicious Share Extension */,
			);
		};
/* End PBXProject section */

/* Begin PBXResourcesBuildPhase section */
		294D4FBB2F1D695B001B9193 /* Resources */ = {
			isa = PBXResourcesBuildPhase;
			buildActionMask = 2147483647;
			files = (
				294129322F1FC66500EAB7CE /* GoogleService-Info.plist in Resources */,
				2999B8AF2F1D9AC1002ACAF3 /* Info-additions.plist in Resources */,
			);
			runOnlyForDeploymentPostprocessing = 0;
		};
		2999B8BC2F1DA4F9002ACAF3 /* Resources */ = {
			isa = PBXResourcesBuildPhase;
			buildActionMask = 2147483647;
			files = (
			);
			runOnlyForDeploymentPostprocessing = 0;
		};
/* End PBXResourcesBuildPhase section */

/* Begin PBXSourcesBuildPhase section */
		294D4FB92F1D695B001B9193 /* Sources */ = {
			isa = PBXSourcesBuildPhase;
			buildActionMask = 2147483647;
			files = (
			);
			runOnlyForDeploymentPostprocessing = 0;
		};
		2999B8BA2F1DA4F9002ACAF3 /* Sources */ = {
			isa = PBXSourcesBuildPhase;
			buildActionMask = 2147483647;
			files = (
			);
			runOnlyForDeploymentPostprocessing = 0;
		};
/* End PBXSourcesBuildPhase section */

/* Begin PBXTargetDependency section */
		2999B8C72F1DA4F9002ACAF3 /* PBXTargetDependency */ = {
			isa = PBXTargetDependency;
			target = 2999B8BD2F1DA4F9002ACAF3 /* Scandalicious Share Extension */;
			targetProxy = 2999B8C62F1DA4F9002ACAF3 /* PBXContainerItemProxy */;
		};
/* End PBXTargetDependency section */

/* Begin XCBuildConfiguration section */
		294D4FC62F1D695B001B9193 /* Debug */ = {
			isa = XCBuildConfiguration;
			buildSettings = {
				ALWAYS_SEARCH_USER_PATHS = NO;
				ASSETCATALOG_COMPILER_GENERATE_SWIFT_ASSET_SYMBOL_EXTENSIONS = YES;
				CLANG_ANALYZER_NONNULL = YES;
				CLANG_ANALYZER_NUMBER_OBJECT_CONVERSION = YES_AGGRESSIVE;
				CLANG_CXX_LANGUAGE_STANDARD = "gnu++20";
				CLANG_ENABLE_MODULES = YES;
				CLANG_ENABLE_OBJC_ARC = YES;
				CLANG_ENABLE_OBJC_WEAK = YES;
				CLANG_WARN_BLOCK_CAPTURE_AUTORELEASING = YES;
				CLANG_WARN_BOOL_CONVERSION = YES;
				CLANG_WARN_COMMA = YES;
				CLANG_WARN_CONSTANT_CONVERSION = YES;
				CLANG_WARN_DEPRECATED_OBJC_IMPLEMENTATIONS = YES;
				CLANG_WARN_DIRECT_OBJC_ISA_USAGE = YES_ERROR;
				CLANG_WARN_DOCUMENTATION_COMMENTS = YES;
				CLANG_WARN_EMPTY_BODY = YES;
				CLANG_WARN_ENUM_CONVERSION = YES;
				CLANG_WARN_INFINITE_RECURSION = YES;
				CLANG_WARN_INT_CONVERSION = YES;
				CLANG_WARN_NON_LITERAL_NULL_CONVERSION = YES;
				CLANG_WARN_OBJC_IMPLICIT_RETAIN_SELF = YES;
				CLANG_WARN_OBJC_LITERAL_CONVERSION = YES;
				CLANG_WARN_OBJC_ROOT_CLASS = YES_ERROR;
				CLANG_WARN_QUOTED_INCLUDE_IN_FRAMEWORK_HEADER = YES;
				CLANG_WARN_RANGE_LOOP_ANALYSIS = YES;
				CLANG_WARN_STRICT_PROTOTYPES = YES;
				CLANG_WARN_SUSPICIOUS_MOVE = YES;
				CLANG_WARN_UNGUARDED_AVAILABILITY = YES_AGGRESSIVE;
				CLANG_WARN_UNREACHABLE_CODE = YES;
				CLANG_WARN__DUPLICATE_METHOD_MATCH = YES;
				COPY_PHASE_STRIP = NO;
				DEBUG_INFORMATION_FORMAT = dwarf;
				ENABLE_STRICT_OBJC_MSGSEND = YES;
				ENABLE_TESTABILITY = YES;
				ENABLE_USER_SCRIPT_SANDBOXING = YES;
				GCC_C_LANGUAGE_STANDARD = gnu17;
				GCC_DYNAMIC_NO_PIC = NO;
				GCC_NO_COMMON_BLOCKS = YES;
				GCC_OPTIMIZATION_LEVEL = 0;
				GCC_PREPROCESSOR_DEFINITIONS = (
					"DEBUG=1",
					"$(inherited)",
				);
				GCC_WARN_64_TO_32_BIT_CONVERSION = YES;
				GCC_WARN_ABOUT_RETURN_TYPE = YES_ERROR;
				GCC_WARN_UNDECLARED_SELECTOR = YES;
				GCC_WARN_UNINITIALIZED_AUTOS = YES_AGGRESSIVE;
				GCC_WARN_UNUSED_FUNCTION = YES;
				GCC_WARN_UNUSED_VARIABLE = YES;
				IPHONEOS_DEPLOYMENT_TARGET = 26.2;
				LOCALIZATION_PREFERS_STRING_CATALOGS = YES;
				MTL_ENABLE_DEBUG_INFO = INCLUDE_SOURCE;
				MTL_FAST_MATH = YES;
				ONLY_ACTIVE_ARCH = YES;
				SDKROOT = iphoneos;
				SWIFT_ACTIVE_COMPILATION_CONDITIONS = "DEBUG $(inherited)";
				SWIFT_OPTIMIZATION_LEVEL = "-Onone";
			};
			name = Debug;
		};
		294D4FC72F1D695B001B9193 /* Release */ = {
			isa = XCBuildConfiguration;
			buildSettings = {
				ALWAYS_SEARCH_USER_PATHS = NO;
				ASSETCATALOG_COMPILER_GENERATE_SWIFT_ASSET_SYMBOL_EXTENSIONS = YES;
				CLANG_ANALYZER_NONNULL = YES;
				CLANG_ANALYZER_NUMBER_OBJECT_CONVERSION = YES_AGGRESSIVE;
				CLANG_CXX_LANGUAGE_STANDARD = "gnu++20";
				CLANG_ENABLE_MODULES = YES;
				CLANG_ENABLE_OBJC_ARC = YES;
				CLANG_ENABLE_OBJC_WEAK = YES;
				CLANG_WARN_BLOCK_CAPTURE_AUTORELEASING = YES;
				CLANG_WARN_BOOL_CONVERSION = YES;
				CLANG_WARN_COMMA = YES;
				CLANG_WARN_CONSTANT_CONVERSION = YES;
				CLANG_WARN_DEPRECATED_OBJC_IMPLEMENTATIONS = YES;
				CLANG_WARN_DIRECT_OBJC_ISA_USAGE = YES_ERROR;
				CLANG_WARN_DOCUMENTATION_COMMENTS = YES;
				CLANG_WARN_EMPTY_BODY = YES;
				CLANG_WARN_ENUM_CONVERSION = YES;
				CLANG_WARN_INFINITE_RECURSION = YES;
				CLANG_WARN_INT_CONVERSION = YES;
				CLANG_WARN_NON_LITERAL_NULL_CONVERSION = YES;
				CLANG_WARN_OBJC_IMPLICIT_RETAIN_SELF = YES;
				CLANG_WARN_OBJC_LITERAL_CONVERSION = YES;
				CLANG_WARN_OBJC_ROOT_CLASS = YES_ERROR;
				CLANG_WARN_QUOTED_INCLUDE_IN_FRAMEWORK_HEADER = YES;
				CLANG_WARN_RANGE_LOOP_ANALYSIS = YES;
				CLANG_WARN_STRICT_PROTOTYPES = YES;
				CLANG_WARN_SUSPICIOUS_MOVE = YES;
				CLANG_WARN_UNGUARDED_AVAILABILITY = YES_AGGRESSIVE;
				CLANG_WARN_UNREACHABLE_CODE = YES;
				CLANG_WARN__DUPLICATE_METHOD_MATCH = YES;
				COPY_PHASE_STRIP = NO;
				DEBUG_INFORMATION_FORMAT = "dwarf-with-dsym";
				ENABLE_NS_ASSERTIONS = NO;
				ENABLE_STRICT_OBJC_MSGSEND = YES;
				ENABLE_USER_SCRIPT_SANDBOXING = YES;
				GCC_C_LANGUAGE_STANDARD = gnu17;
				GCC_NO_COMMON_BLOCKS = YES;
				GCC_WARN_64_TO_32_BIT_CONVERSION = YES;
				GCC_WARN_ABOUT_RETURN_TYPE = YES_ERROR;
				GCC_WARN_UNDECLARED_SELECTOR = YES;
				GCC_WARN_UNINITIALIZED_AUTOS = YES_AGGRESSIVE;
				GCC_WARN_UNUSED_FUNCTION = YES;
				GCC_WARN_UNUSED_VARIABLE = YES;
				IPHONEOS_DEPLOYMENT_TARGET = 26.2;
				LOCALIZATION_PREFERS_STRING_CATALOGS = YES;
				MTL_ENABLE_DEBUG_INFO = NO;
				MTL_FAST_MATH = YES;
				SDKROOT = iphoneos;
				SWIFT_COMPILATION_MODE = wholemodule;
				VALIDATE_PRODUCT = YES;
			};
			name = Release;
		};
		294D4FC92F1D695B001B9193 /* Debug */ = {
			isa = XCBuildConfiguration;
			buildSettings = {
				ASSETCATALOG_COMPILER_APPICON_NAME = AppIcon;
				ASSETCATALOG_COMPILER_GLOBAL_ACCENT_COLOR_NAME = AccentColor;
				CODE_SIGN_ENTITLEMENTS = scandalicous/Scandalicious.entitlements;
				CODE_SIGN_STYLE = Automatic;
				CURRENT_PROJECT_VERSION = 1;
				DEVELOPMENT_TEAM = 9A8M33Z82L;
				ENABLE_PREVIEWS = YES;
				GENERATE_INFOPLIST_FILE = YES;
				INFOPLIST_FILE = "Scandalicious-Info.plist";
				INFOPLIST_KEY_CFBundleDisplayName = Scandelicious;
				INFOPLIST_KEY_LSApplicationCategoryType = "public.app-category.finance";
				INFOPLIST_KEY_NSCameraUsageDescription = "Dobby needs camera access to scan receipts and automatically categorize your expenses";
				INFOPLIST_KEY_UIApplicationSceneManifest_Generation = YES;
				INFOPLIST_KEY_UIApplicationSupportsIndirectInputEvents = YES;
				INFOPLIST_KEY_UILaunchScreen_Generation = YES;
				INFOPLIST_KEY_UISupportedInterfaceOrientations_iPad = "UIInterfaceOrientationPortrait UIInterfaceOrientationPortraitUpsideDown UIInterfaceOrientationLandscapeLeft UIInterfaceOrientationLandscapeRight";
				INFOPLIST_KEY_UISupportedInterfaceOrientations_iPhone = "UIInterfaceOrientationPortrait UIInterfaceOrientationLandscapeLeft UIInterfaceOrientationLandscapeRight";
				LD_RUNPATH_SEARCH_PATHS = (
					"$(inherited)",
					"@executable_path/Frameworks",
				);
				MARKETING_VERSION = 1.0;
				PRODUCT_BUNDLE_IDENTIFIER = com.deepmaind.scandalicious;
				PRODUCT_NAME = "$(TARGET_NAME)";
				STRING_CATALOG_GENERATE_SYMBOLS = YES;
				SWIFT_APPROACHABLE_CONCURRENCY = YES;
				SWIFT_DEFAULT_ACTOR_ISOLATION = MainActor;
				SWIFT_EMIT_LOC_STRINGS = YES;
				SWIFT_UPCOMING_FEATURE_MEMBER_IMPORT_VISIBILITY = YES;
				SWIFT_VERSION = 5.0;
				TARGETED_DEVICE_FAMILY = "1,2";
			};
			name = Debug;
		};
		294D4FCA2F1D695B001B9193 /* Release */ = {
			isa = XCBuildConfiguration;
			buildSettings = {
				ASSETCATALOG_COMPILER_APPICON_NAME = AppIcon;
				ASSETCATALOG_COMPILER_GLOBAL_ACCENT_COLOR_NAME = AccentColor;
				CODE_SIGN_ENTITLEMENTS = scandalicous/Scandalicious.entitlements;
				CODE_SIGN_STYLE = Automatic;
				CURRENT_PROJECT_VERSION = 1;
				DEVELOPMENT_TEAM = 9A8M33Z82L;
				ENABLE_PREVIEWS = YES;
				GENERATE_INFOPLIST_FILE = YES;
				INFOPLIST_FILE = "Scandalicious-Info.plist";
				INFOPLIST_KEY_CFBundleDisplayName = Scandelicious;
				INFOPLIST_KEY_LSApplicationCategoryType = "public.app-category.finance";
				INFOPLIST_KEY_NSCameraUsageDescription = "Dobby needs camera access to scan receipts and automatically categorize your expenses";
				INFOPLIST_KEY_UIApplicationSceneManifest_Generation = YES;
				INFOPLIST_KEY_UIApplicationSupportsIndirectInputEvents = YES;
				INFOPLIST_KEY_UILaunchScreen_Generation = YES;
				INFOPLIST_KEY_UISupportedInterfaceOrientations_iPad = "UIInterfaceOrientationPortrait UIInterfaceOrientationPortraitUpsideDown UIInterfaceOrientationLandscapeLeft UIInterfaceOrientationLandscapeRight";
				INFOPLIST_KEY_UISupportedInterfaceOrientations_iPhone = "UIInterfaceOrientationPortrait UIInterfaceOrientationLandscapeLeft UIInterfaceOrientationLandscapeRight";
				LD_RUNPATH_SEARCH_PATHS = (
					"$(inherited)",
					"@executable_path/Frameworks",
				);
				MARKETING_VERSION = 1.0;
				PRODUCT_BUNDLE_IDENTIFIER = com.deepmaind.scandalicious;
				PRODUCT_NAME = "$(TARGET_NAME)";
				STRING_CATALOG_GENERATE_SYMBOLS = YES;
				SWIFT_APPROACHABLE_CONCURRENCY = YES;
				SWIFT_DEFAULT_ACTOR_ISOLATION = MainActor;
				SWIFT_EMIT_LOC_STRINGS = YES;
				SWIFT_UPCOMING_FEATURE_MEMBER_IMPORT_VISIBILITY = YES;
				SWIFT_VERSION = 5.0;
				TARGETED_DEVICE_FAMILY = "1,2";
			};
			name = Release;
		};
		2999B8CB2F1DA4F9002ACAF3 /* Debug */ = {
			isa = XCBuildConfiguration;
			buildSettings = {
				CODE_SIGN_ENTITLEMENTS = "scandalicious-share-extension/ShareExtension.entitlements";
				CODE_SIGN_STYLE = Automatic;
				CURRENT_PROJECT_VERSION = 1;
				DEVELOPMENT_TEAM = 9A8M33Z82L;
				GENERATE_INFOPLIST_FILE = YES;
				INFOPLIST_FILE = "scandalicious-share-extension/Info.plist";
				INFOPLIST_KEY_CFBundleDisplayName = "Scandalicious Share Extension";
				INFOPLIST_KEY_NSHumanReadableCopyright = "";
				LD_RUNPATH_SEARCH_PATHS = (
					"$(inherited)",
					"@executable_path/Frameworks",
					"@executable_path/../../Frameworks",
				);
				MARKETING_VERSION = 1.0;
				NEW_SETTING = "";
				"OTHER_SWIFT_FLAGS[arch=*]" = "-D SHARE_EXTENSION";
				PRODUCT_BUNDLE_IDENTIFIER = com.deepmaind.scandalicious.ShareExtension;
				PRODUCT_NAME = "$(TARGET_NAME)";
				SKIP_INSTALL = YES;
				STRING_CATALOG_GENERATE_SYMBOLS = YES;
				SWIFT_APPROACHABLE_CONCURRENCY = YES;
				SWIFT_EMIT_LOC_STRINGS = YES;
				SWIFT_UPCOMING_FEATURE_MEMBER_IMPORT_VISIBILITY = YES;
				SWIFT_VERSION = 5.0;
				TARGETED_DEVICE_FAMILY = "1,2";
			};
			name = Debug;
		};
		2999B8CC2F1DA4F9002ACAF3 /* Release */ = {
			isa = XCBuildConfiguration;
			buildSettings = {
				CODE_SIGN_ENTITLEMENTS = "scandalicious-share-extension/ShareExtension.entitlements";
				CODE_SIGN_STYLE = Automatic;
				CURRENT_PROJECT_VERSION = 1;
				DEVELOPMENT_TEAM = 9A8M33Z82L;
				GENERATE_INFOPLIST_FILE = YES;
				INFOPLIST_FILE = "scandalicious-share-extension/Info.plist";
				INFOPLIST_KEY_CFBundleDisplayName = "Scandalicious Share Extension";
				INFOPLIST_KEY_NSHumanReadableCopyright = "";
				LD_RUNPATH_SEARCH_PATHS = (
					"$(inherited)",
					"@executable_path/Frameworks",
					"@executable_path/../../Frameworks",
				);
				MARKETING_VERSION = 1.0;
				NEW_SETTING = "";
				"OTHER_SWIFT_FLAGS[arch=*]" = "-D SHARE_EXTENSION";
				PRODUCT_BUNDLE_IDENTIFIER = com.deepmaind.scandalicious.ShareExtension;
				PRODUCT_NAME = "$(TARGET_NAME)";
				SKIP_INSTALL = YES;
				STRING_CATALOG_GENERATE_SYMBOLS = YES;
				SWIFT_APPROACHABLE_CONCURRENCY = YES;
				SWIFT_EMIT_LOC_STRINGS = YES;
				SWIFT_UPCOMING_FEATURE_MEMBER_IMPORT_VISIBILITY = YES;
				SWIFT_VERSION = 5.0;
				TARGETED_DEVICE_FAMILY = "1,2";
			};
			name = Release;
		};
/* End XCBuildConfiguration section */

/* Begin XCConfigurationList section */
		294D4FB82F1D695B001B9193 /* Build configuration list for PBXProject "Scandalicious" */ = {
			isa = XCConfigurationList;
			buildConfigurations = (
				294D4FC62F1D695B001B9193 /* Debug */,
				294D4FC72F1D695B001B9193 /* Release */,
			);
			defaultConfigurationIsVisible = 0;
			defaultConfigurationName = Release;
		};
		294D4FC82F1D695B001B9193 /* Build configuration list for PBXNativeTarget "Scandalicious" */ = {
			isa = XCConfigurationList;
			buildConfigurations = (
				294D4FC92F1D695B001B9193 /* Debug */,
				294D4FCA2F1D695B001B9193 /* Release */,
			);
			defaultConfigurationIsVisible = 0;
			defaultConfigurationName = Release;
		};
		2999B8CA2F1DA4F9002ACAF3 /* Build configuration list for PBXNativeTarget "Scandalicious Share Extension" */ = {
			isa = XCConfigurationList;
			buildConfigurations = (
				2999B8CB2F1DA4F9002ACAF3 /* Debug */,
				2999B8CC2F1DA4F9002ACAF3 /* Release */,
			);
			defaultConfigurationIsVisible = 0;
			defaultConfigurationName = Release;
		};
/* End XCConfigurationList section */

/* Begin XCRemoteSwiftPackageReference section */
		295F4B8B2F1FC95E003FD5BA /* XCRemoteSwiftPackageReference "firebase-ios-sdk" */ = {
			isa = XCRemoteSwiftPackageReference;
			repositoryURL = "https://github.com/firebase/firebase-ios-sdk";
			requirement = {
				kind = upToNextMajorVersion;
				minimumVersion = 12.8.0;
			};
		};
		295F4B902F1FC9DA003FD5BA /* XCRemoteSwiftPackageReference "GoogleSignIn-iOS" */ = {
			isa = XCRemoteSwiftPackageReference;
			repositoryURL = "https://github.com/google/GoogleSignIn-iOS";
			requirement = {
				kind = upToNextMajorVersion;
				minimumVersion = 9.1.0;
			};
		};
/* End XCRemoteSwiftPackageReference section */

/* Begin XCSwiftPackageProductDependency section */
		295F4B8C2F1FC95E003FD5BA /* FirebaseAuth */ = {
			isa = XCSwiftPackageProductDependency;
			package = 295F4B8B2F1FC95E003FD5BA /* XCRemoteSwiftPackageReference "firebase-ios-sdk" */;
			productName = FirebaseAuth;
		};
		295F4B8E2F1FC95E003FD5BA /* FirebaseCore */ = {
			isa = XCSwiftPackageProductDependency;
			package = 295F4B8B2F1FC95E003FD5BA /* XCRemoteSwiftPackageReference "firebase-ios-sdk" */;
			productName = FirebaseCore;
		};
		295F4B912F1FC9DA003FD5BA /* GoogleSignIn */ = {
			isa = XCSwiftPackageProductDependency;
			package = 295F4B902F1FC9DA003FD5BA /* XCRemoteSwiftPackageReference "GoogleSignIn-iOS" */;
			productName = GoogleSignIn;
		};
		295F4B932F1FC9DA003FD5BA /* GoogleSignInSwift */ = {
			isa = XCSwiftPackageProductDependency;
			package = 295F4B902F1FC9DA003FD5BA /* XCRemoteSwiftPackageReference "GoogleSignIn-iOS" */;
			productName = GoogleSignInSwift;
		};
		29CD76122F2028B1003DD40E /* FirebaseAuth */ = {
			isa = XCSwiftPackageProductDependency;
			package = 295F4B8B2F1FC95E003FD5BA /* XCRemoteSwiftPackageReference "firebase-ios-sdk" */;
			productName = FirebaseAuth;
		};
		29CD76142F2028B1003DD40E /* FirebaseCore */ = {
			isa = XCSwiftPackageProductDependency;
			package = 295F4B8B2F1FC95E003FD5BA /* XCRemoteSwiftPackageReference "firebase-ios-sdk" */;
			productName = FirebaseCore;
		};
/* End XCSwiftPackageProductDependency section */
	};
	rootObject = 294D4FB52F1D695B001B9193 /* Project object */;
}
